
Microsoft Visual Studio Solution File, Format Version 12.00
# Visual Studio Version 16
VisualStudioVersion = 16.0.30114.105
MinimumVisualStudioVersion = 10.0.40219.1
Project("{2150E333-8FDC-42A3-9474-1A3956D46DE8}") = "examples", "examples", "{5E491EBB-8C82-4438-A913-B3BC7852692E}"
EndProject
Project("{2150E333-8FDC-42A3-9474-1A3956D46DE8}") = "src", "src", "{0E83F011-1033-423C-B753-77C0A4724DD9}"
EndProject
Project("{FAE04EC0-301F-11D3-BF4B-00C04F79EFBC}") = "QBCore.Shared", "src\QBCore.Shared\QBCore.Shared.csproj", "{14139988-BC3C-4EFF-95D3-E6B926600CC9}"
EndProject
Project("{FAE04EC0-301F-11D3-BF4B-00C04F79EFBC}") = "QBCore.QueryBuilder", "src\QBCore.QueryBuilder\QBCore.QueryBuilder.csproj", "{E9DFB21D-F25C-48EC-A394-894C6FDC3D9C}"
EndProject
Project("{FAE04EC0-301F-11D3-BF4B-00C04F79EFBC}") = "QBCore.Mongo", "src\QBCore.Mongo\QBCore.Mongo.csproj", "{A67F36FB-5502-44CE-8E64-5082C640FA71}"
EndProject
Project("{FAE04EC0-301F-11D3-BF4B-00C04F79EFBC}") = "QBCore.DataSource", "src\QBCore.DataSource\QBCore.DataSource.csproj", "{A79A99DC-989A-476C-B21A-B4352EED4CF0}"
EndProject
Project("{FAE04EC0-301F-11D3-BF4B-00C04F79EFBC}") = "QBCore.Main", "src\QBCore.Main\QBCore.Main.csproj", "{009ED4C5-2C51-41BC-9926-FABE408628F3}"
EndProject
Project("{2150E333-8FDC-42A3-9474-1A3956D46DE8}") = "develop", "develop", "{400DE962-AA60-42FB-A287-B92E23254ADF}"
EndProject
Project("{FAE04EC0-301F-11D3-BF4B-00C04F79EFBC}") = "develop.dal", "examples\develop\develop.dal\develop.dal.csproj", "{1C95723E-DBDD-418E-9A89-D73AAC7BAE27}"
EndProject
Project("{FAE04EC0-301F-11D3-BF4B-00C04F79EFBC}") = "develop.bll", "examples\develop\develop.bll\develop.bll.csproj", "{54DCA644-5ED9-44FE-851B-4135CDF67AB9}"
EndProject
Project("{FAE04EC0-301F-11D3-BF4B-00C04F79EFBC}") = "develop.api", "examples\develop\develop.api\develop.api.csproj", "{7E163FE4-C3A4-4688-B493-BDF4F49D656A}"
EndProject
Project("{FAE04EC0-301F-11D3-BF4B-00C04F79EFBC}") = "QBCore.EF", "src\QBCore.EF\QBCore.EF.csproj", "{BA7A1C0B-A8C6-456A-A021-3D6C582F39E5}"
EndProject
Project("{2150E333-8FDC-42A3-9474-1A3956D46DE8}") = "Example1", "Example1", "{7FB5BEDD-2E09-4E55-A132-74DA203F17EF}"
EndProject
Project("{FAE04EC0-301F-11D3-BF4B-00C04F79EFBC}") = "Example1.API", "examples\Example1\Example1.API\Example1.API.csproj", "{E0E08EAC-5EF6-4B41-A804-9C835CB1197D}"
EndProject
Project("{FAE04EC0-301F-11D3-BF4B-00C04F79EFBC}") = "Example1.BLL", "examples\Example1\Example1.BLL\Example1.BLL.csproj", "{F045FF89-B30F-48B0-815D-81AA1EE3DEF1}"
EndProject
Project("{FAE04EC0-301F-11D3-BF4B-00C04F79EFBC}") = "Example1.DAL", "examples\Example1\Example1.DAL\Example1.DAL.csproj", "{17F3189A-056C-40AF-945E-C19C943018DD}"
EndProject
Global
	GlobalSection(SolutionConfigurationPlatforms) = preSolution
		Debug|Any CPU = Debug|Any CPU
		Release|Any CPU = Release|Any CPU
	EndGlobalSection
	GlobalSection(SolutionProperties) = preSolution
		HideSolutionNode = FALSE
	EndGlobalSection
	GlobalSection(ProjectConfigurationPlatforms) = postSolution
		{14139988-BC3C-4EFF-95D3-E6B926600CC9}.Debug|Any CPU.ActiveCfg = Debug|Any CPU
		{14139988-BC3C-4EFF-95D3-E6B926600CC9}.Debug|Any CPU.Build.0 = Debug|Any CPU
		{14139988-BC3C-4EFF-95D3-E6B926600CC9}.Release|Any CPU.ActiveCfg = Release|Any CPU
		{14139988-BC3C-4EFF-95D3-E6B926600CC9}.Release|Any CPU.Build.0 = Release|Any CPU
		{E9DFB21D-F25C-48EC-A394-894C6FDC3D9C}.Debug|Any CPU.ActiveCfg = Debug|Any CPU
		{E9DFB21D-F25C-48EC-A394-894C6FDC3D9C}.Debug|Any CPU.Build.0 = Debug|Any CPU
		{E9DFB21D-F25C-48EC-A394-894C6FDC3D9C}.Release|Any CPU.ActiveCfg = Release|Any CPU
		{E9DFB21D-F25C-48EC-A394-894C6FDC3D9C}.Release|Any CPU.Build.0 = Release|Any CPU
		{A67F36FB-5502-44CE-8E64-5082C640FA71}.Debug|Any CPU.ActiveCfg = Debug|Any CPU
		{A67F36FB-5502-44CE-8E64-5082C640FA71}.Debug|Any CPU.Build.0 = Debug|Any CPU
		{A67F36FB-5502-44CE-8E64-5082C640FA71}.Release|Any CPU.ActiveCfg = Release|Any CPU
		{A67F36FB-5502-44CE-8E64-5082C640FA71}.Release|Any CPU.Build.0 = Release|Any CPU
		{A79A99DC-989A-476C-B21A-B4352EED4CF0}.Debug|Any CPU.ActiveCfg = Debug|Any CPU
		{A79A99DC-989A-476C-B21A-B4352EED4CF0}.Debug|Any CPU.Build.0 = Debug|Any CPU
		{A79A99DC-989A-476C-B21A-B4352EED4CF0}.Release|Any CPU.ActiveCfg = Release|Any CPU
		{A79A99DC-989A-476C-B21A-B4352EED4CF0}.Release|Any CPU.Build.0 = Release|Any CPU
		{009ED4C5-2C51-41BC-9926-FABE408628F3}.Debug|Any CPU.ActiveCfg = Debug|Any CPU
		{009ED4C5-2C51-41BC-9926-FABE408628F3}.Debug|Any CPU.Build.0 = Debug|Any CPU
		{009ED4C5-2C51-41BC-9926-FABE408628F3}.Release|Any CPU.ActiveCfg = Release|Any CPU
		{009ED4C5-2C51-41BC-9926-FABE408628F3}.Release|Any CPU.Build.0 = Release|Any CPU
		{1C95723E-DBDD-418E-9A89-D73AAC7BAE27}.Debug|Any CPU.ActiveCfg = Debug|Any CPU
		{1C95723E-DBDD-418E-9A89-D73AAC7BAE27}.Debug|Any CPU.Build.0 = Debug|Any CPU
		{1C95723E-DBDD-418E-9A89-D73AAC7BAE27}.Release|Any CPU.ActiveCfg = Release|Any CPU
		{1C95723E-DBDD-418E-9A89-D73AAC7BAE27}.Release|Any CPU.Build.0 = Release|Any CPU
		{54DCA644-5ED9-44FE-851B-4135CDF67AB9}.Debug|Any CPU.ActiveCfg = Debug|Any CPU
		{54DCA644-5ED9-44FE-851B-4135CDF67AB9}.Debug|Any CPU.Build.0 = Debug|Any CPU
		{54DCA644-5ED9-44FE-851B-4135CDF67AB9}.Release|Any CPU.ActiveCfg = Release|Any CPU
		{54DCA644-5ED9-44FE-851B-4135CDF67AB9}.Release|Any CPU.Build.0 = Release|Any CPU
		{7E163FE4-C3A4-4688-B493-BDF4F49D656A}.Debug|Any CPU.ActiveCfg = Debug|Any CPU
		{7E163FE4-C3A4-4688-B493-BDF4F49D656A}.Debug|Any CPU.Build.0 = Debug|Any CPU
		{7E163FE4-C3A4-4688-B493-BDF4F49D656A}.Release|Any CPU.ActiveCfg = Release|Any CPU
		{7E163FE4-C3A4-4688-B493-BDF4F49D656A}.Release|Any CPU.Build.0 = Release|Any CPU
		{BA7A1C0B-A8C6-456A-A021-3D6C582F39E5}.Debug|Any CPU.ActiveCfg = Debug|Any CPU
		{BA7A1C0B-A8C6-456A-A021-3D6C582F39E5}.Debug|Any CPU.Build.0 = Debug|Any CPU
		{BA7A1C0B-A8C6-456A-A021-3D6C582F39E5}.Release|Any CPU.ActiveCfg = Release|Any CPU
		{BA7A1C0B-A8C6-456A-A021-3D6C582F39E5}.Release|Any CPU.Build.0 = Release|Any CPU
		{E0E08EAC-5EF6-4B41-A804-9C835CB1197D}.Debug|Any CPU.ActiveCfg = Debug|Any CPU
		{E0E08EAC-5EF6-4B41-A804-9C835CB1197D}.Debug|Any CPU.Build.0 = Debug|Any CPU
		{E0E08EAC-5EF6-4B41-A804-9C835CB1197D}.Release|Any CPU.ActiveCfg = Release|Any CPU
		{E0E08EAC-5EF6-4B41-A804-9C835CB1197D}.Release|Any CPU.Build.0 = Release|Any CPU
		{F045FF89-B30F-48B0-815D-81AA1EE3DEF1}.Debug|Any CPU.ActiveCfg = Debug|Any CPU
		{F045FF89-B30F-48B0-815D-81AA1EE3DEF1}.Debug|Any CPU.Build.0 = Debug|Any CPU
		{F045FF89-B30F-48B0-815D-81AA1EE3DEF1}.Release|Any CPU.ActiveCfg = Release|Any CPU
		{F045FF89-B30F-48B0-815D-81AA1EE3DEF1}.Release|Any CPU.Build.0 = Release|Any CPU
		{17F3189A-056C-40AF-945E-C19C943018DD}.Debug|Any CPU.ActiveCfg = Debug|Any CPU
		{17F3189A-056C-40AF-945E-C19C943018DD}.Debug|Any CPU.Build.0 = Debug|Any CPU
		{17F3189A-056C-40AF-945E-C19C943018DD}.Release|Any CPU.ActiveCfg = Release|Any CPU
		{17F3189A-056C-40AF-945E-C19C943018DD}.Release|Any CPU.Build.0 = Release|Any CPU
	EndGlobalSection
	GlobalSection(NestedProjects) = preSolution
		{14139988-BC3C-4EFF-95D3-E6B926600CC9} = {0E83F011-1033-423C-B753-77C0A4724DD9}
		{E9DFB21D-F25C-48EC-A394-894C6FDC3D9C} = {0E83F011-1033-423C-B753-77C0A4724DD9}
		{A67F36FB-5502-44CE-8E64-5082C640FA71} = {0E83F011-1033-423C-B753-77C0A4724DD9}
		{A79A99DC-989A-476C-B21A-B4352EED4CF0} = {0E83F011-1033-423C-B753-77C0A4724DD9}
		{009ED4C5-2C51-41BC-9926-FABE408628F3} = {0E83F011-1033-423C-B753-77C0A4724DD9}
		{400DE962-AA60-42FB-A287-B92E23254ADF} = {5E491EBB-8C82-4438-A913-B3BC7852692E}
		{1C95723E-DBDD-418E-9A89-D73AAC7BAE27} = {400DE962-AA60-42FB-A287-B92E23254ADF}
		{54DCA644-5ED9-44FE-851B-4135CDF67AB9} = {400DE962-AA60-42FB-A287-B92E23254ADF}
		{7E163FE4-C3A4-4688-B493-BDF4F49D656A} = {400DE962-AA60-42FB-A287-B92E23254ADF}
		{BA7A1C0B-A8C6-456A-A021-3D6C582F39E5} = {0E83F011-1033-423C-B753-77C0A4724DD9}
		{7FB5BEDD-2E09-4E55-A132-74DA203F17EF} = {5E491EBB-8C82-4438-A913-B3BC7852692E}
		{E0E08EAC-5EF6-4B41-A804-9C835CB1197D} = {7FB5BEDD-2E09-4E55-A132-74DA203F17EF}
		{F045FF89-B30F-48B0-815D-81AA1EE3DEF1} = {7FB5BEDD-2E09-4E55-A132-74DA203F17EF}
		{17F3189A-056C-40AF-945E-C19C943018DD} = {7FB5BEDD-2E09-4E55-A132-74DA203F17EF}
	EndGlobalSection
EndGlobal
