
Microsoft Visual Studio Solution File, Format Version 12.00
# Visual Studio Version 16
VisualStudioVersion = 16.0.30114.105
MinimumVisualStudioVersion = 10.0.40219.1
Project("{2150E333-8FDC-42A3-9474-1A3956D46DE8}") = "examples", "examples", "{5E491EBB-8C82-4438-A913-B3BC7852692E}"
EndProject
Project("{2150E333-8FDC-42A3-9474-1A3956D46DE8}") = "Example1", "Example1", "{F2D8CE4E-4320-4672-9E1B-8A0C3A8C70A4}"
EndProject
Project("{FAE04EC0-301F-11D3-BF4B-00C04F79EFBC}") = "Example1.DAL", "examples\Example1\Example1.DAL\Example1.DAL.csproj", "{EE650312-9795-465A-BF45-15D32EAF88E1}"
EndProject
Project("{FAE04EC0-301F-11D3-BF4B-00C04F79EFBC}") = "Example1.BLL", "examples\Example1\Example1.BLL\Example1.BLL.csproj", "{C8A95EBD-FCFB-437C-B774-CCA7FAA8627D}"
EndProject
Project("{FAE04EC0-301F-11D3-BF4B-00C04F79EFBC}") = "Example1.API", "examples\Example1\Example1.API\Example1.API.csproj", "{CD2D76FF-2729-4E0E-8F80-CF681F99E159}"
EndProject
Project("{2150E333-8FDC-42A3-9474-1A3956D46DE8}") = "src", "src", "{0E83F011-1033-423C-B753-77C0A4724DD9}"
EndProject
Project("{FAE04EC0-301F-11D3-BF4B-00C04F79EFBC}") = "QBCore.Shared", "src\QBCore.Shared\QBCore.Shared.csproj", "{14139988-BC3C-4EFF-95D3-E6B926600CC9}"
EndProject
Project("{FAE04EC0-301F-11D3-BF4B-00C04F79EFBC}") = "QBCore.QueryBuilder", "src\QBCore.QueryBuilder\QBCore.QueryBuilder.csproj", "{E9DFB21D-F25C-48EC-A394-894C6FDC3D9C}"
EndProject
Project("{FAE04EC0-301F-11D3-BF4B-00C04F79EFBC}") = "QBCore.Mongo", "src\QBCore.Mongo\QBCore.Mongo.csproj", "{A67F36FB-5502-44CE-8E64-5082C640FA71}"
EndProject
Project("{FAE04EC0-301F-11D3-BF4B-00C04F79EFBC}") = "QBCore.Sql", "src\QBCore.Sql\QBCore.Sql.csproj", "{C69BE269-D548-4FCE-8E92-F3B34C5E87BF}"
EndProject
Project("{FAE04EC0-301F-11D3-BF4B-00C04F79EFBC}") = "QBCore.DataSource", "src\QBCore.DataSource\QBCore.DataSource.csproj", "{A79A99DC-989A-476C-B21A-B4352EED4CF0}"
EndProject
Project("{FAE04EC0-301F-11D3-BF4B-00C04F79EFBC}") = "QBCore.Main", "src\QBCore.Main\QBCore.Main.csproj", "{009ED4C5-2C51-41BC-9926-FABE408628F3}"
EndProject
Global
	GlobalSection(SolutionConfigurationPlatforms) = preSolution
		Debug|Any CPU = Debug|Any CPU
		Release|Any CPU = Release|Any CPU
	EndGlobalSection
	GlobalSection(SolutionProperties) = preSolution
		HideSolutionNode = FALSE
	EndGlobalSection
	GlobalSection(ProjectConfigurationPlatforms) = postSolution
		{EE650312-9795-465A-BF45-15D32EAF88E1}.Debug|Any CPU.ActiveCfg = Debug|Any CPU
		{EE650312-9795-465A-BF45-15D32EAF88E1}.Debug|Any CPU.Build.0 = Debug|Any CPU
		{EE650312-9795-465A-BF45-15D32EAF88E1}.Release|Any CPU.ActiveCfg = Release|Any CPU
		{EE650312-9795-465A-BF45-15D32EAF88E1}.Release|Any CPU.Build.0 = Release|Any CPU
		{C8A95EBD-FCFB-437C-B774-CCA7FAA8627D}.Debug|Any CPU.ActiveCfg = Debug|Any CPU
		{C8A95EBD-FCFB-437C-B774-CCA7FAA8627D}.Debug|Any CPU.Build.0 = Debug|Any CPU
		{C8A95EBD-FCFB-437C-B774-CCA7FAA8627D}.Release|Any CPU.ActiveCfg = Release|Any CPU
		{C8A95EBD-FCFB-437C-B774-CCA7FAA8627D}.Release|Any CPU.Build.0 = Release|Any CPU
		{CD2D76FF-2729-4E0E-8F80-CF681F99E159}.Debug|Any CPU.ActiveCfg = Debug|Any CPU
		{CD2D76FF-2729-4E0E-8F80-CF681F99E159}.Debug|Any CPU.Build.0 = Debug|Any CPU
		{CD2D76FF-2729-4E0E-8F80-CF681F99E159}.Release|Any CPU.ActiveCfg = Release|Any CPU
		{CD2D76FF-2729-4E0E-8F80-CF681F99E159}.Release|Any CPU.Build.0 = Release|Any CPU
		{14139988-BC3C-4EFF-95D3-E6B926600CC9}.Debug|Any CPU.ActiveCfg = Debug|Any CPU
		{14139988-BC3C-4EFF-95D3-E6B926600CC9}.Debug|Any CPU.Build.0 = Debug|Any CPU
		{14139988-BC3C-4EFF-95D3-E6B926600CC9}.Release|Any CPU.ActiveCfg = Release|Any CPU
		{14139988-BC3C-4EFF-95D3-E6B926600CC9}.Release|Any CPU.Build.0 = Release|Any CPU
		{E9DFB21D-F25C-48EC-A394-894C6FDC3D9C}.Debug|Any CPU.ActiveCfg = Debug|Any CPU
		{E9DFB21D-F25C-48EC-A394-894C6FDC3D9C}.Debug|Any CPU.Build.0 = Debug|Any CPU
		{E9DFB21D-F25C-48EC-A394-894C6FDC3D9C}.Release|Any CPU.ActiveCfg = Release|Any CPU
		{E9DFB21D-F25C-48EC-A394-894C6FDC3D9C}.Release|Any CPU.Build.0 = Release|Any CPU
		{A67F36FB-5502-44CE-8E64-5082C640FA71}.Debug|Any CPU.ActiveCfg = Debug|Any CPU
		{A67F36FB-5502-44CE-8E64-5082C640FA71}.Debug|Any CPU.Build.0 = Debug|Any CPU
		{A67F36FB-5502-44CE-8E64-5082C640FA71}.Release|Any CPU.ActiveCfg = Release|Any CPU
		{A67F36FB-5502-44CE-8E64-5082C640FA71}.Release|Any CPU.Build.0 = Release|Any CPU
		{C69BE269-D548-4FCE-8E92-F3B34C5E87BF}.Debug|Any CPU.ActiveCfg = Debug|Any CPU
		{C69BE269-D548-4FCE-8E92-F3B34C5E87BF}.Debug|Any CPU.Build.0 = Debug|Any CPU
		{C69BE269-D548-4FCE-8E92-F3B34C5E87BF}.Release|Any CPU.ActiveCfg = Release|Any CPU
		{C69BE269-D548-4FCE-8E92-F3B34C5E87BF}.Release|Any CPU.Build.0 = Release|Any CPU
		{A79A99DC-989A-476C-B21A-B4352EED4CF0}.Debug|Any CPU.ActiveCfg = Debug|Any CPU
		{A79A99DC-989A-476C-B21A-B4352EED4CF0}.Debug|Any CPU.Build.0 = Debug|Any CPU
		{A79A99DC-989A-476C-B21A-B4352EED4CF0}.Release|Any CPU.ActiveCfg = Release|Any CPU
		{A79A99DC-989A-476C-B21A-B4352EED4CF0}.Release|Any CPU.Build.0 = Release|Any CPU
		{009ED4C5-2C51-41BC-9926-FABE408628F3}.Debug|Any CPU.ActiveCfg = Debug|Any CPU
		{009ED4C5-2C51-41BC-9926-FABE408628F3}.Debug|Any CPU.Build.0 = Debug|Any CPU
		{009ED4C5-2C51-41BC-9926-FABE408628F3}.Release|Any CPU.ActiveCfg = Release|Any CPU
		{009ED4C5-2C51-41BC-9926-FABE408628F3}.Release|Any CPU.Build.0 = Release|Any CPU
	EndGlobalSection
	GlobalSection(NestedProjects) = preSolution
		{F2D8CE4E-4320-4672-9E1B-8A0C3A8C70A4} = {5E491EBB-8C82-4438-A913-B3BC7852692E}
		{EE650312-9795-465A-BF45-15D32EAF88E1} = {F2D8CE4E-4320-4672-9E1B-8A0C3A8C70A4}
		{C8A95EBD-FCFB-437C-B774-CCA7FAA8627D} = {F2D8CE4E-4320-4672-9E1B-8A0C3A8C70A4}
		{CD2D76FF-2729-4E0E-8F80-CF681F99E159} = {F2D8CE4E-4320-4672-9E1B-8A0C3A8C70A4}
		{14139988-BC3C-4EFF-95D3-E6B926600CC9} = {0E83F011-1033-423C-B753-77C0A4724DD9}
		{E9DFB21D-F25C-48EC-A394-894C6FDC3D9C} = {0E83F011-1033-423C-B753-77C0A4724DD9}
		{A67F36FB-5502-44CE-8E64-5082C640FA71} = {0E83F011-1033-423C-B753-77C0A4724DD9}
		{C69BE269-D548-4FCE-8E92-F3B34C5E87BF} = {0E83F011-1033-423C-B753-77C0A4724DD9}
		{A79A99DC-989A-476C-B21A-B4352EED4CF0} = {0E83F011-1033-423C-B753-77C0A4724DD9}
		{009ED4C5-2C51-41BC-9926-FABE408628F3} = {0E83F011-1033-423C-B753-77C0A4724DD9}
	EndGlobalSection
EndGlobal
