
Microsoft Visual Studio Solution File, Format Version 12.00
# Visual Studio Version 16
VisualStudioVersion = 16.0.30114.105
MinimumVisualStudioVersion = 10.0.40219.1
Project("{2150E333-8FDC-42A3-9474-1A3956D46DE8}") = "examples", "examples", "{5E491EBB-8C82-4438-A913-B3BC7852692E}"
EndProject
Project("{2150E333-8FDC-42A3-9474-1A3956D46DE8}") = "src", "src", "{0E83F011-1033-423C-B753-77C0A4724DD9}"
EndProject
Project("{FAE04EC0-301F-11D3-BF4B-00C04F79EFBC}") = "QBCore.Shared", "src\QBCore.Shared\QBCore.Shared.csproj", "{14139988-BC3C-4EFF-95D3-E6B926600CC9}"
EndProject
Project("{FAE04EC0-301F-11D3-BF4B-00C04F79EFBC}") = "QBCore.Mongo", "src\QBCore.Mongo\QBCore.Mongo.csproj", "{A67F36FB-5502-44CE-8E64-5082C640FA71}"
EndProject
Project("{FAE04EC0-301F-11D3-BF4B-00C04F79EFBC}") = "QBCore.DataSource", "src\QBCore.DataSource\QBCore.DataSource.csproj", "{A79A99DC-989A-476C-B21A-B4352EED4CF0}"
EndProject
Project("{FAE04EC0-301F-11D3-BF4B-00C04F79EFBC}") = "QBCore.Main", "src\QBCore.Main\QBCore.Main.csproj", "{009ED4C5-2C51-41BC-9926-FABE408628F3}"
EndProject
Project("{2150E333-8FDC-42A3-9474-1A3956D46DE8}") = "Example1", "Example1", "{7FB5BEDD-2E09-4E55-A132-74DA203F17EF}"
EndProject
Project("{FAE04EC0-301F-11D3-BF4B-00C04F79EFBC}") = "Example1.API", "examples\Example1\Example1.API\Example1.API.csproj", "{E0E08EAC-5EF6-4B41-A804-9C835CB1197D}"
EndProject
Project("{FAE04EC0-301F-11D3-BF4B-00C04F79EFBC}") = "Example1.BLL", "examples\Example1\Example1.BLL\Example1.BLL.csproj", "{F045FF89-B30F-48B0-815D-81AA1EE3DEF1}"
EndProject
Project("{FAE04EC0-301F-11D3-BF4B-00C04F79EFBC}") = "Example1.DAL", "examples\Example1\Example1.DAL\Example1.DAL.csproj", "{17F3189A-056C-40AF-945E-C19C943018DD}"
EndProject
Project("{2150E333-8FDC-42A3-9474-1A3956D46DE8}") = "tests", "tests", "{D9DA2D5F-EB09-40A4-8DB6-A45AF6586B47}"
EndProject
Project("{FAE04EC0-301F-11D3-BF4B-00C04F79EFBC}") = "QBCore.Shared.Tests", "tests\QBCore.Shared.Tests\QBCore.Shared.Tests.csproj", "{D763879E-5B0E-4D14-AA5F-873661206E20}"
EndProject
Project("{FAE04EC0-301F-11D3-BF4B-00C04F79EFBC}") = "Example1.Tests", "tests\Example1.Tests\Example1.Tests.csproj", "{ED16BE54-5834-44BD-8A44-0DA0ECB5F63C}"
EndProject
Project("{FAE04EC0-301F-11D3-BF4B-00C04F79EFBC}") = "QBCore.Mongo.Tests", "tests\QBCore.Mongo.Tests\QBCore.Mongo.Tests.csproj", "{1E06F501-F78D-4127-B47C-23BA28476BB6}"
EndProject
Project("{FAE04EC0-301F-11D3-BF4B-00C04F79EFBC}") = "QBCore.PgSql", "src\QBCore.PgSql\QBCore.PgSql.csproj", "{314212DC-F728-4192-8395-287B2AD5E4F6}"
EndProject
Project("{FAE04EC0-301F-11D3-BF4B-00C04F79EFBC}") = "QBCore.Sql", "src\QBCore.Sql\QBCore.Sql.csproj", "{A9D148C1-4B2F-41AC-9035-802D12651C74}"
EndProject
Project("{2150E333-8FDC-42A3-9474-1A3956D46DE8}") = "EFCoreDevelop", "EFCoreDevelop", "{19D8E429-A50D-4484-B01D-FE3F7E244D8B}"
EndProject
Project("{FAE04EC0-301F-11D3-BF4B-00C04F79EFBC}") = "EFCoreDevelop.DAL", "examples\EFCoreDevelop\EFCoreDevelop.DAL\EFCoreDevelop.DAL.csproj", "{1F5600E9-363E-4A07-A746-ACD2EA75BDE6}"
EndProject
Project("{FAE04EC0-301F-11D3-BF4B-00C04F79EFBC}") = "EFCoreDevelop.BLL", "examples\EFCoreDevelop\EFCoreDevelop.BLL\EFCoreDevelop.BLL.csproj", "{F4F7604D-ADBF-4260-9434-BDC0ED22DDA3}"
EndProject
Project("{FAE04EC0-301F-11D3-BF4B-00C04F79EFBC}") = "EFCoreDevelop.API", "examples\EFCoreDevelop\EFCoreDevelop.API\EFCoreDevelop.API.csproj", "{32673028-42C2-4ECE-93F1-E22580F17412}"
EndProject
Project("{2150E333-8FDC-42A3-9474-1A3956D46DE8}") = "Develop", "Develop", "{8FF481EF-5E9A-4CE2-A33C-F0A1AF4EE073}"
EndProject
Project("{FAE04EC0-301F-11D3-BF4B-00C04F79EFBC}") = "Develop.Infrastructure", "examples\Develop\Develop.Infrastructure\Develop.Infrastructure.csproj", "{BA962B5F-ED2E-4ED2-B6D4-29FC60546EFC}"
EndProject
Project("{FAE04EC0-301F-11D3-BF4B-00C04F79EFBC}") = "Develop.Domain", "examples\Develop\Develop.Domain\Develop.Domain.csproj", "{DCFDB04E-F545-4991-AD37-4062F6D0C6C0}"
EndProject
Project("{FAE04EC0-301F-11D3-BF4B-00C04F79EFBC}") = "Develop.API", "examples\Develop\Develop.API\Develop.API.csproj", "{8FCBB8BB-9B12-4E84-A15D-9C3C9CDF3ECE}"
EndProject
Project("{FAE04EC0-301F-11D3-BF4B-00C04F79EFBC}") = "QBCore.EfCore", "src\QBCore.EfCore\QBCore.EfCore.csproj", "{9610877D-AE06-4FE1-A331-8976E2F20886}"
EndProject
Global
	GlobalSection(SolutionConfigurationPlatforms) = preSolution
		Debug|Any CPU = Debug|Any CPU
		Release|Any CPU = Release|Any CPU
	EndGlobalSection
	GlobalSection(SolutionProperties) = preSolution
		HideSolutionNode = FALSE
	EndGlobalSection
	GlobalSection(ProjectConfigurationPlatforms) = postSolution
		{14139988-BC3C-4EFF-95D3-E6B926600CC9}.Debug|Any CPU.ActiveCfg = Debug|Any CPU
		{14139988-BC3C-4EFF-95D3-E6B926600CC9}.Debug|Any CPU.Build.0 = Debug|Any CPU
		{14139988-BC3C-4EFF-95D3-E6B926600CC9}.Release|Any CPU.ActiveCfg = Release|Any CPU
		{14139988-BC3C-4EFF-95D3-E6B926600CC9}.Release|Any CPU.Build.0 = Release|Any CPU
		{A67F36FB-5502-44CE-8E64-5082C640FA71}.Debug|Any CPU.ActiveCfg = Debug|Any CPU
		{A67F36FB-5502-44CE-8E64-5082C640FA71}.Debug|Any CPU.Build.0 = Debug|Any CPU
		{A67F36FB-5502-44CE-8E64-5082C640FA71}.Release|Any CPU.ActiveCfg = Release|Any CPU
		{A67F36FB-5502-44CE-8E64-5082C640FA71}.Release|Any CPU.Build.0 = Release|Any CPU
		{A79A99DC-989A-476C-B21A-B4352EED4CF0}.Debug|Any CPU.ActiveCfg = Debug|Any CPU
		{A79A99DC-989A-476C-B21A-B4352EED4CF0}.Debug|Any CPU.Build.0 = Debug|Any CPU
		{A79A99DC-989A-476C-B21A-B4352EED4CF0}.Release|Any CPU.ActiveCfg = Release|Any CPU
		{A79A99DC-989A-476C-B21A-B4352EED4CF0}.Release|Any CPU.Build.0 = Release|Any CPU
		{009ED4C5-2C51-41BC-9926-FABE408628F3}.Debug|Any CPU.ActiveCfg = Debug|Any CPU
		{009ED4C5-2C51-41BC-9926-FABE408628F3}.Debug|Any CPU.Build.0 = Debug|Any CPU
		{009ED4C5-2C51-41BC-9926-FABE408628F3}.Release|Any CPU.ActiveCfg = Release|Any CPU
		{009ED4C5-2C51-41BC-9926-FABE408628F3}.Release|Any CPU.Build.0 = Release|Any CPU
		{E0E08EAC-5EF6-4B41-A804-9C835CB1197D}.Debug|Any CPU.ActiveCfg = Debug|Any CPU
		{E0E08EAC-5EF6-4B41-A804-9C835CB1197D}.Debug|Any CPU.Build.0 = Debug|Any CPU
		{E0E08EAC-5EF6-4B41-A804-9C835CB1197D}.Release|Any CPU.ActiveCfg = Release|Any CPU
		{E0E08EAC-5EF6-4B41-A804-9C835CB1197D}.Release|Any CPU.Build.0 = Release|Any CPU
		{F045FF89-B30F-48B0-815D-81AA1EE3DEF1}.Debug|Any CPU.ActiveCfg = Debug|Any CPU
		{F045FF89-B30F-48B0-815D-81AA1EE3DEF1}.Debug|Any CPU.Build.0 = Debug|Any CPU
		{F045FF89-B30F-48B0-815D-81AA1EE3DEF1}.Release|Any CPU.ActiveCfg = Release|Any CPU
		{F045FF89-B30F-48B0-815D-81AA1EE3DEF1}.Release|Any CPU.Build.0 = Release|Any CPU
		{17F3189A-056C-40AF-945E-C19C943018DD}.Debug|Any CPU.ActiveCfg = Debug|Any CPU
		{17F3189A-056C-40AF-945E-C19C943018DD}.Debug|Any CPU.Build.0 = Debug|Any CPU
		{17F3189A-056C-40AF-945E-C19C943018DD}.Release|Any CPU.ActiveCfg = Release|Any CPU
		{17F3189A-056C-40AF-945E-C19C943018DD}.Release|Any CPU.Build.0 = Release|Any CPU
		{D763879E-5B0E-4D14-AA5F-873661206E20}.Debug|Any CPU.ActiveCfg = Debug|Any CPU
		{D763879E-5B0E-4D14-AA5F-873661206E20}.Debug|Any CPU.Build.0 = Debug|Any CPU
		{D763879E-5B0E-4D14-AA5F-873661206E20}.Release|Any CPU.ActiveCfg = Release|Any CPU
		{D763879E-5B0E-4D14-AA5F-873661206E20}.Release|Any CPU.Build.0 = Release|Any CPU
		{ED16BE54-5834-44BD-8A44-0DA0ECB5F63C}.Debug|Any CPU.ActiveCfg = Debug|Any CPU
		{ED16BE54-5834-44BD-8A44-0DA0ECB5F63C}.Debug|Any CPU.Build.0 = Debug|Any CPU
		{ED16BE54-5834-44BD-8A44-0DA0ECB5F63C}.Release|Any CPU.ActiveCfg = Release|Any CPU
		{ED16BE54-5834-44BD-8A44-0DA0ECB5F63C}.Release|Any CPU.Build.0 = Release|Any CPU
		{1E06F501-F78D-4127-B47C-23BA28476BB6}.Debug|Any CPU.ActiveCfg = Debug|Any CPU
		{1E06F501-F78D-4127-B47C-23BA28476BB6}.Debug|Any CPU.Build.0 = Debug|Any CPU
		{1E06F501-F78D-4127-B47C-23BA28476BB6}.Release|Any CPU.ActiveCfg = Release|Any CPU
		{1E06F501-F78D-4127-B47C-23BA28476BB6}.Release|Any CPU.Build.0 = Release|Any CPU
		{314212DC-F728-4192-8395-287B2AD5E4F6}.Debug|Any CPU.ActiveCfg = Debug|Any CPU
		{314212DC-F728-4192-8395-287B2AD5E4F6}.Debug|Any CPU.Build.0 = Debug|Any CPU
		{314212DC-F728-4192-8395-287B2AD5E4F6}.Release|Any CPU.ActiveCfg = Release|Any CPU
		{314212DC-F728-4192-8395-287B2AD5E4F6}.Release|Any CPU.Build.0 = Release|Any CPU
		{A9D148C1-4B2F-41AC-9035-802D12651C74}.Debug|Any CPU.ActiveCfg = Debug|Any CPU
		{A9D148C1-4B2F-41AC-9035-802D12651C74}.Debug|Any CPU.Build.0 = Debug|Any CPU
		{A9D148C1-4B2F-41AC-9035-802D12651C74}.Release|Any CPU.ActiveCfg = Release|Any CPU
		{A9D148C1-4B2F-41AC-9035-802D12651C74}.Release|Any CPU.Build.0 = Release|Any CPU
		{1F5600E9-363E-4A07-A746-ACD2EA75BDE6}.Debug|Any CPU.ActiveCfg = Debug|Any CPU
		{1F5600E9-363E-4A07-A746-ACD2EA75BDE6}.Debug|Any CPU.Build.0 = Debug|Any CPU
		{1F5600E9-363E-4A07-A746-ACD2EA75BDE6}.Release|Any CPU.ActiveCfg = Release|Any CPU
		{1F5600E9-363E-4A07-A746-ACD2EA75BDE6}.Release|Any CPU.Build.0 = Release|Any CPU
		{F4F7604D-ADBF-4260-9434-BDC0ED22DDA3}.Debug|Any CPU.ActiveCfg = Debug|Any CPU
		{F4F7604D-ADBF-4260-9434-BDC0ED22DDA3}.Debug|Any CPU.Build.0 = Debug|Any CPU
		{F4F7604D-ADBF-4260-9434-BDC0ED22DDA3}.Release|Any CPU.ActiveCfg = Release|Any CPU
		{F4F7604D-ADBF-4260-9434-BDC0ED22DDA3}.Release|Any CPU.Build.0 = Release|Any CPU
		{32673028-42C2-4ECE-93F1-E22580F17412}.Debug|Any CPU.ActiveCfg = Debug|Any CPU
		{32673028-42C2-4ECE-93F1-E22580F17412}.Debug|Any CPU.Build.0 = Debug|Any CPU
		{32673028-42C2-4ECE-93F1-E22580F17412}.Release|Any CPU.ActiveCfg = Release|Any CPU
		{32673028-42C2-4ECE-93F1-E22580F17412}.Release|Any CPU.Build.0 = Release|Any CPU
		{BA962B5F-ED2E-4ED2-B6D4-29FC60546EFC}.Debug|Any CPU.ActiveCfg = Debug|Any CPU
		{BA962B5F-ED2E-4ED2-B6D4-29FC60546EFC}.Debug|Any CPU.Build.0 = Debug|Any CPU
		{BA962B5F-ED2E-4ED2-B6D4-29FC60546EFC}.Release|Any CPU.ActiveCfg = Release|Any CPU
		{BA962B5F-ED2E-4ED2-B6D4-29FC60546EFC}.Release|Any CPU.Build.0 = Release|Any CPU
		{DCFDB04E-F545-4991-AD37-4062F6D0C6C0}.Debug|Any CPU.ActiveCfg = Debug|Any CPU
		{DCFDB04E-F545-4991-AD37-4062F6D0C6C0}.Debug|Any CPU.Build.0 = Debug|Any CPU
		{DCFDB04E-F545-4991-AD37-4062F6D0C6C0}.Release|Any CPU.ActiveCfg = Release|Any CPU
		{DCFDB04E-F545-4991-AD37-4062F6D0C6C0}.Release|Any CPU.Build.0 = Release|Any CPU
		{8FCBB8BB-9B12-4E84-A15D-9C3C9CDF3ECE}.Debug|Any CPU.ActiveCfg = Debug|Any CPU
		{8FCBB8BB-9B12-4E84-A15D-9C3C9CDF3ECE}.Debug|Any CPU.Build.0 = Debug|Any CPU
		{8FCBB8BB-9B12-4E84-A15D-9C3C9CDF3ECE}.Release|Any CPU.ActiveCfg = Release|Any CPU
		{8FCBB8BB-9B12-4E84-A15D-9C3C9CDF3ECE}.Release|Any CPU.Build.0 = Release|Any CPU
		{9610877D-AE06-4FE1-A331-8976E2F20886}.Debug|Any CPU.ActiveCfg = Debug|Any CPU
		{9610877D-AE06-4FE1-A331-8976E2F20886}.Debug|Any CPU.Build.0 = Debug|Any CPU
		{9610877D-AE06-4FE1-A331-8976E2F20886}.Release|Any CPU.ActiveCfg = Release|Any CPU
		{9610877D-AE06-4FE1-A331-8976E2F20886}.Release|Any CPU.Build.0 = Release|Any CPU
	EndGlobalSection
	GlobalSection(NestedProjects) = preSolution
		{14139988-BC3C-4EFF-95D3-E6B926600CC9} = {0E83F011-1033-423C-B753-77C0A4724DD9}
		{A67F36FB-5502-44CE-8E64-5082C640FA71} = {0E83F011-1033-423C-B753-77C0A4724DD9}
		{A79A99DC-989A-476C-B21A-B4352EED4CF0} = {0E83F011-1033-423C-B753-77C0A4724DD9}
		{009ED4C5-2C51-41BC-9926-FABE408628F3} = {0E83F011-1033-423C-B753-77C0A4724DD9}
		{7FB5BEDD-2E09-4E55-A132-74DA203F17EF} = {5E491EBB-8C82-4438-A913-B3BC7852692E}
		{E0E08EAC-5EF6-4B41-A804-9C835CB1197D} = {7FB5BEDD-2E09-4E55-A132-74DA203F17EF}
		{F045FF89-B30F-48B0-815D-81AA1EE3DEF1} = {7FB5BEDD-2E09-4E55-A132-74DA203F17EF}
		{17F3189A-056C-40AF-945E-C19C943018DD} = {7FB5BEDD-2E09-4E55-A132-74DA203F17EF}
		{D763879E-5B0E-4D14-AA5F-873661206E20} = {D9DA2D5F-EB09-40A4-8DB6-A45AF6586B47}
		{ED16BE54-5834-44BD-8A44-0DA0ECB5F63C} = {D9DA2D5F-EB09-40A4-8DB6-A45AF6586B47}
		{1E06F501-F78D-4127-B47C-23BA28476BB6} = {D9DA2D5F-EB09-40A4-8DB6-A45AF6586B47}
		{314212DC-F728-4192-8395-287B2AD5E4F6} = {0E83F011-1033-423C-B753-77C0A4724DD9}
		{A9D148C1-4B2F-41AC-9035-802D12651C74} = {0E83F011-1033-423C-B753-77C0A4724DD9}
		{19D8E429-A50D-4484-B01D-FE3F7E244D8B} = {5E491EBB-8C82-4438-A913-B3BC7852692E}
		{1F5600E9-363E-4A07-A746-ACD2EA75BDE6} = {19D8E429-A50D-4484-B01D-FE3F7E244D8B}
		{F4F7604D-ADBF-4260-9434-BDC0ED22DDA3} = {19D8E429-A50D-4484-B01D-FE3F7E244D8B}
		{32673028-42C2-4ECE-93F1-E22580F17412} = {19D8E429-A50D-4484-B01D-FE3F7E244D8B}
		{8FF481EF-5E9A-4CE2-A33C-F0A1AF4EE073} = {5E491EBB-8C82-4438-A913-B3BC7852692E}
		{BA962B5F-ED2E-4ED2-B6D4-29FC60546EFC} = {8FF481EF-5E9A-4CE2-A33C-F0A1AF4EE073}
		{DCFDB04E-F545-4991-AD37-4062F6D0C6C0} = {8FF481EF-5E9A-4CE2-A33C-F0A1AF4EE073}
		{8FCBB8BB-9B12-4E84-A15D-9C3C9CDF3ECE} = {8FF481EF-5E9A-4CE2-A33C-F0A1AF4EE073}
		{9610877D-AE06-4FE1-A331-8976E2F20886} = {0E83F011-1033-423C-B753-77C0A4724DD9}
	EndGlobalSection
EndGlobal
